
Microsoft Visual Studio Solution File, Format Version 12.00
# Visual Studio Version 17
VisualStudioVersion = 17.11.35219.272
MinimumVisualStudioVersion = 10.0.40219.1
Project("{FAE04EC0-301F-11D3-BF4B-00C04F79EFBC}") = "PWLocker", "PWLocker\PWLocker.csproj", "{D7B0A497-7300-4881-A564-38EAEB1DEBC3}"
EndProject
Global
	GlobalSection(SolutionConfigurationPlatforms) = preSolution
		Debug|Any CPU = Debug|Any CPU
		Release|Any CPU = Release|Any CPU
	EndGlobalSection
	GlobalSection(ProjectConfigurationPlatforms) = postSolution
		{D7B0A497-7300-4881-A564-38EAEB1DEBC3}.Debug|Any CPU.ActiveCfg = Debug|Any CPU
		{D7B0A497-7300-4881-A564-38EAEB1DEBC3}.Debug|Any CPU.Build.0 = Debug|Any CPU
		{D7B0A497-7300-4881-A564-38EAEB1DEBC3}.Release|Any CPU.ActiveCfg = Release|Any CPU
		{D7B0A497-7300-4881-A564-38EAEB1DEBC3}.Release|Any CPU.Build.0 = Release|Any CPU
	EndGlobalSection
	GlobalSection(SolutionProperties) = preSolution
		HideSolutionNode = FALSE
	EndGlobalSection
	GlobalSection(ExtensibilityGlobals) = postSolution
		SolutionGuid = {41B621DC-B5F8-4544-B724-927A583E6C0C}
	EndGlobalSection
EndGlobal
